
Microsoft Visual Studio Solution File, Format Version 12.00
# Visual Studio Version 16
VisualStudioVersion = 16.0.31025.194
MinimumVisualStudioVersion = 10.0.40219.1
Project("{FAE04EC0-301F-11D3-BF4B-00C04F79EFBC}") = "ProjectC", "ProjectC\ProjectC.csproj", "{F7698978-CFDE-4DF8-B0FC-F83904C1EC1B}"
EndProject
Project("{FAE04EC0-301F-11D3-BF4B-00C04F79EFBC}") = "ProjectByWeb", "ProjectByWeb\ProjectByWeb.csproj", "{636419A3-A5F6-4F33-9CE1-6A6B5CD3EF6F}"
EndProject
Global
	GlobalSection(SolutionConfigurationPlatforms) = preSolution
		Debug|Any CPU = Debug|Any CPU
		Release|Any CPU = Release|Any CPU
	EndGlobalSection
	GlobalSection(ProjectConfigurationPlatforms) = postSolution
		{F7698978-CFDE-4DF8-B0FC-F83904C1EC1B}.Debug|Any CPU.ActiveCfg = Debug|Any CPU
		{F7698978-CFDE-4DF8-B0FC-F83904C1EC1B}.Debug|Any CPU.Build.0 = Debug|Any CPU
		{F7698978-CFDE-4DF8-B0FC-F83904C1EC1B}.Release|Any CPU.ActiveCfg = Release|Any CPU
		{F7698978-CFDE-4DF8-B0FC-F83904C1EC1B}.Release|Any CPU.Build.0 = Release|Any CPU
		{636419A3-A5F6-4F33-9CE1-6A6B5CD3EF6F}.Debug|Any CPU.ActiveCfg = Debug|Any CPU
		{636419A3-A5F6-4F33-9CE1-6A6B5CD3EF6F}.Debug|Any CPU.Build.0 = Debug|Any CPU
		{636419A3-A5F6-4F33-9CE1-6A6B5CD3EF6F}.Release|Any CPU.ActiveCfg = Release|Any CPU
		{636419A3-A5F6-4F33-9CE1-6A6B5CD3EF6F}.Release|Any CPU.Build.0 = Release|Any CPU
	EndGlobalSection
	GlobalSection(SolutionProperties) = preSolution
		HideSolutionNode = FALSE
	EndGlobalSection
	GlobalSection(ExtensibilityGlobals) = postSolution
		SolutionGuid = {D4173FBE-9834-4EC6-8130-8989B8088F0A}
	EndGlobalSection
EndGlobal
